
Microsoft Visual Studio Solution File, Format Version 12.00
# Visual Studio Version 17
VisualStudioVersion = 17.11.35327.3
MinimumVisualStudioVersion = 10.0.40219.1
Project("{9A19103F-16F7-4668-BE54-9A1E7A4F7556}") = "MyoThetDotNetCore.Expenses", "MyoThetDotNetCore.Expenses\MyoThetDotNetCore.Expenses.csproj", "{9966C7B7-4292-41A2-B12E-CA7C8D3A204F}"
EndProject
Global
	GlobalSection(SolutionConfigurationPlatforms) = preSolution
		Debug|Any CPU = Debug|Any CPU
		Release|Any CPU = Release|Any CPU
	EndGlobalSection
	GlobalSection(ProjectConfigurationPlatforms) = postSolution
		{9966C7B7-4292-41A2-B12E-CA7C8D3A204F}.Debug|Any CPU.ActiveCfg = Debug|Any CPU
		{9966C7B7-4292-41A2-B12E-CA7C8D3A204F}.Debug|Any CPU.Build.0 = Debug|Any CPU
		{9966C7B7-4292-41A2-B12E-CA7C8D3A204F}.Release|Any CPU.ActiveCfg = Release|Any CPU
		{9966C7B7-4292-41A2-B12E-CA7C8D3A204F}.Release|Any CPU.Build.0 = Release|Any CPU
	EndGlobalSection
	GlobalSection(SolutionProperties) = preSolution
		HideSolutionNode = FALSE
	EndGlobalSection
	GlobalSection(ExtensibilityGlobals) = postSolution
		SolutionGuid = {5B7CB766-0D36-414D-B92F-C7A45E4D9DD7}
	EndGlobalSection
EndGlobal
